// !$*UTF8*$!
{
	archiveVersion = 1;
	classes = {
	};
	objectVersion = 56;
	objects = {

/* Begin PBXBuildFile section */
		021549172A8BD9120064E3D3 /* FakeFile.swift in Sources */ = {isa = PBXBuildFile; fileRef = 0215490C2A8BD9120064E3D3 /* FakeFile.swift */; };
		021549182A8BD9120064E3D3 /* FakeNetworkManager.swift in Sources */ = {isa = PBXBuildFile; fileRef = 0215490D2A8BD9120064E3D3 /* FakeNetworkManager.swift */; };
		021549192A8BD9120064E3D3 /* empty.json in Resources */ = {isa = PBXBuildFile; fileRef = 0215490F2A8BD9120064E3D3 /* empty.json */; };
		0215491A2A8BD9120064E3D3 /* fullList.json in Resources */ = {isa = PBXBuildFile; fileRef = 021549102A8BD9120064E3D3 /* fullList.json */; };
		0215491B2A8BD9120064E3D3 /* wrongData.json in Resources */ = {isa = PBXBuildFile; fileRef = 021549112A8BD9120064E3D3 /* wrongData.json */; };
		0215491C2A8BD9120064E3D3 /* NetworkManager.swift in Sources */ = {isa = PBXBuildFile; fileRef = 021549132A8BD9120064E3D3 /* NetworkManager.swift */; };
		0215491D2A8BD9120064E3D3 /* ProducResponseKeyName.swift in Sources */ = {isa = PBXBuildFile; fileRef = 021549152A8BD9120064E3D3 /* ProducResponseKeyName.swift */; };
		0215491E2A8BD9120064E3D3 /* NetworkError.swift in Sources */ = {isa = PBXBuildFile; fileRef = 021549162A8BD9120064E3D3 /* NetworkError.swift */; };
		021549262A8BDB710064E3D3 /* NetworkResponseProtocol.swift in Sources */ = {isa = PBXBuildFile; fileRef = 021549202A8BDB1C0064E3D3 /* NetworkResponseProtocol.swift */; };
		021549272A8BDB740064E3D3 /* NetworkAbleProtocol.swift in Sources */ = {isa = PBXBuildFile; fileRef = 021549212A8BDB1C0064E3D3 /* NetworkAbleProtocol.swift */; };
		0215492A2A8BDC770064E3D3 /* MealsFilterResponse.swift in Sources */ = {isa = PBXBuildFile; fileRef = 021549292A8BDC770064E3D3 /* MealsFilterResponse.swift */; };
		0215492C2A8BDF810064E3D3 /* MealsSearchLoopupResp.swift in Sources */ = {isa = PBXBuildFile; fileRef = 0215492B2A8BDF810064E3D3 /* MealsSearchLoopupResp.swift */; };
		0215492E2A8BE0380064E3D3 /* CategoriesResponse.swift in Sources */ = {isa = PBXBuildFile; fileRef = 0215492D2A8BE0380064E3D3 /* CategoriesResponse.swift */; };
		021549312A8BEC6F0064E3D3 /* ApiManager.swift in Sources */ = {isa = PBXBuildFile; fileRef = 021549302A8BEC6F0064E3D3 /* ApiManager.swift */; };
		021549342A8D4A9D0064E3D3 /* MealsViewModel.swift in Sources */ = {isa = PBXBuildFile; fileRef = 021549332A8D4A9D0064E3D3 /* MealsViewModel.swift */; };
		021549362A8D576A0064E3D3 /* Topic.swift in Sources */ = {isa = PBXBuildFile; fileRef = 021549352A8D576A0064E3D3 /* Topic.swift */; };
		021549382A8D57770064E3D3 /* PathUrl.swift in Sources */ = {isa = PBXBuildFile; fileRef = 021549372A8D57770064E3D3 /* PathUrl.swift */; };
		0215493B2A8D61210064E3D3 /* UrlGen.swift in Sources */ = {isa = PBXBuildFile; fileRef = 0215493A2A8D61210064E3D3 /* UrlGen.swift */; };
		0215493D2A8D673E0064E3D3 /* UserDefaults+Extension.swift in Sources */ = {isa = PBXBuildFile; fileRef = 0215493C2A8D673E0064E3D3 /* UserDefaults+Extension.swift */; };
		021549412A8D688D0064E3D3 /* UserDefaultsKeys.swift in Sources */ = {isa = PBXBuildFile; fileRef = 021549402A8D688D0064E3D3 /* UserDefaultsKeys.swift */; };
		021549432A8D80880064E3D3 /* Date+Extension.swift in Sources */ = {isa = PBXBuildFile; fileRef = 021549422A8D80880064E3D3 /* Date+Extension.swift */; };
		02154A272A8E7FA20064E3D3 /* TabBarScreen.swift in Sources */ = {isa = PBXBuildFile; fileRef = 02154A262A8E7FA20064E3D3 /* TabBarScreen.swift */; };
		02154A2B2A8E81060064E3D3 /* MainListScreen.swift in Sources */ = {isa = PBXBuildFile; fileRef = 02154A2A2A8E81060064E3D3 /* MainListScreen.swift */; };
		02154A2E2A8EB1910064E3D3 /* SectionHeader.swift in Sources */ = {isa = PBXBuildFile; fileRef = 02154A2D2A8EB1910064E3D3 /* SectionHeader.swift */; };
		02154A302A8EB7200064E3D3 /* HeaderBarView.swift in Sources */ = {isa = PBXBuildFile; fileRef = 02154A2F2A8EB7200064E3D3 /* HeaderBarView.swift */; };
		02154A322A8EB9680064E3D3 /* Array+Extension.swift in Sources */ = {isa = PBXBuildFile; fileRef = 02154A312A8EB9680064E3D3 /* Array+Extension.swift */; };
		02154A342A8EBA710064E3D3 /* View.swift in Sources */ = {isa = PBXBuildFile; fileRef = 02154A332A8EBA710064E3D3 /* View.swift */; };
		02154A362A8EBAC80064E3D3 /* RoundedCorner.swift in Sources */ = {isa = PBXBuildFile; fileRef = 02154A352A8EBAC80064E3D3 /* RoundedCorner.swift */; };
		02154A382A8FC1430064E3D3 /* Dictionary+Extension.swift in Sources */ = {isa = PBXBuildFile; fileRef = 02154A372A8FC1430064E3D3 /* Dictionary+Extension.swift */; };
		02154A3A2A8FCC650064E3D3 /* ModalView.swift in Sources */ = {isa = PBXBuildFile; fileRef = 02154A392A8FCC650064E3D3 /* ModalView.swift */; };
		02154A3C2A8FFEB60064E3D3 /* MainPath.swift in Sources */ = {isa = PBXBuildFile; fileRef = 02154A3B2A8FFEB60064E3D3 /* MainPath.swift */; };
		021FDFE42A84244200E55FBD /* RecipesAppApp.swift in Sources */ = {isa = PBXBuildFile; fileRef = 021FDFE32A84244200E55FBD /* RecipesAppApp.swift */; };
		021FDFE62A84244200E55FBD /* ContentView.swift in Sources */ = {isa = PBXBuildFile; fileRef = 021FDFE52A84244200E55FBD /* ContentView.swift */; };
		021FDFE82A84244700E55FBD /* Assets.xcassets in Resources */ = {isa = PBXBuildFile; fileRef = 021FDFE72A84244700E55FBD /* Assets.xcassets */; };
		021FDFEB2A84244700E55FBD /* Preview Assets.xcassets in Resources */ = {isa = PBXBuildFile; fileRef = 021FDFEA2A84244700E55FBD /* Preview Assets.xcassets */; };
		021FDFED2A84244700E55FBD /* Persistence.swift in Sources */ = {isa = PBXBuildFile; fileRef = 021FDFEC2A84244700E55FBD /* Persistence.swift */; };
		021FDFF02A84244700E55FBD /* RecipesApp.xcdatamodeld in Sources */ = {isa = PBXBuildFile; fileRef = 021FDFEE2A84244700E55FBD /* RecipesApp.xcdatamodeld */; };
		021FDFFA2A84244700E55FBD /* RecipesAppTests.swift in Sources */ = {isa = PBXBuildFile; fileRef = 021FDFF92A84244700E55FBD /* RecipesAppTests.swift */; };
		021FE0042A84244700E55FBD /* RecipesAppUITests.swift in Sources */ = {isa = PBXBuildFile; fileRef = 021FE0032A84244700E55FBD /* RecipesAppUITests.swift */; };
		021FE0062A84244700E55FBD /* RecipesAppUITestsLaunchTests.swift in Sources */ = {isa = PBXBuildFile; fileRef = 021FE0052A84244700E55FBD /* RecipesAppUITestsLaunchTests.swift */; };
		021FE0142A8424A700E55FBD /* YoutubeView.swift in Sources */ = {isa = PBXBuildFile; fileRef = 021FE0132A8424A700E55FBD /* YoutubeView.swift */; };
		021FE0162A84259000E55FBD /* CollectionView.swift in Sources */ = {isa = PBXBuildFile; fileRef = 021FE0152A84259000E55FBD /* CollectionView.swift */; };
		021FE0292A84311100E55FBD /* GoogleService-Info.plist in Resources */ = {isa = PBXBuildFile; fileRef = 021FE0282A84311100E55FBD /* GoogleService-Info.plist */; };
		027BE1A82A8726D800DC5E10 /* FirebaseAuth in Frameworks */ = {isa = PBXBuildFile; productRef = 027BE1A72A8726D800DC5E10 /* FirebaseAuth */; };
		027BE1AB2A87277F00DC5E10 /* GoogleSignIn in Frameworks */ = {isa = PBXBuildFile; productRef = 027BE1AA2A87277F00DC5E10 /* GoogleSignIn */; };
		027BE1AD2A87277F00DC5E10 /* GoogleSignInSwift in Frameworks */ = {isa = PBXBuildFile; productRef = 027BE1AC2A87277F00DC5E10 /* GoogleSignInSwift */; };
		027BE1AF2A87280900DC5E10 /* LoginScreen.swift in Sources */ = {isa = PBXBuildFile; fileRef = 027BE1AE2A87280900DC5E10 /* LoginScreen.swift */; };
		027BE1B42A87D12700DC5E10 /* CustomTextField.swift in Sources */ = {isa = PBXBuildFile; fileRef = 027BE1B32A87D12700DC5E10 /* CustomTextField.swift */; };
		027BE1B62A87D28100DC5E10 /* LoginViewModel.swift in Sources */ = {isa = PBXBuildFile; fileRef = 027BE1B52A87D28100DC5E10 /* LoginViewModel.swift */; };
		027BE1B82A88126F00DC5E10 /* UIApplication+Extension.swift in Sources */ = {isa = PBXBuildFile; fileRef = 027BE1B72A88126F00DC5E10 /* UIApplication+Extension.swift */; };
		DD46EF412A8D9DD9008B2DE6 /* MainCoordinator.swift in Sources */ = {isa = PBXBuildFile; fileRef = DD46EF402A8D9DD9008B2DE6 /* MainCoordinator.swift */; };
		DD46EF432A8DB607008B2DE6 /* MainView.swift in Sources */ = {isa = PBXBuildFile; fileRef = DD46EF422A8DB607008B2DE6 /* MainView.swift */; };
/* End PBXBuildFile section */

/* Begin PBXContainerItemProxy section */
		021FDFF62A84244700E55FBD /* PBXContainerItemProxy */ = {
			isa = PBXContainerItemProxy;
			containerPortal = 021FDFD82A84244200E55FBD /* Project object */;
			proxyType = 1;
			remoteGlobalIDString = 021FDFDF2A84244200E55FBD;
			remoteInfo = RecipesApp;
		};
		021FE0002A84244700E55FBD /* PBXContainerItemProxy */ = {
			isa = PBXContainerItemProxy;
			containerPortal = 021FDFD82A84244200E55FBD /* Project object */;
			proxyType = 1;
			remoteGlobalIDString = 021FDFDF2A84244200E55FBD;
			remoteInfo = RecipesApp;
		};
/* End PBXContainerItemProxy section */

/* Begin PBXFileReference section */
		0215490C2A8BD9120064E3D3 /* FakeFile.swift */ = {isa = PBXFileReference; fileEncoding = 4; lastKnownFileType = sourcecode.swift; path = FakeFile.swift; sourceTree = "<group>"; };
		0215490D2A8BD9120064E3D3 /* FakeNetworkManager.swift */ = {isa = PBXFileReference; fileEncoding = 4; lastKnownFileType = sourcecode.swift; path = FakeNetworkManager.swift; sourceTree = "<group>"; };
		0215490F2A8BD9120064E3D3 /* empty.json */ = {isa = PBXFileReference; fileEncoding = 4; lastKnownFileType = text.json; path = empty.json; sourceTree = "<group>"; };
		021549102A8BD9120064E3D3 /* fullList.json */ = {isa = PBXFileReference; fileEncoding = 4; lastKnownFileType = text.json; path = fullList.json; sourceTree = "<group>"; };
		021549112A8BD9120064E3D3 /* wrongData.json */ = {isa = PBXFileReference; fileEncoding = 4; lastKnownFileType = text.json; path = wrongData.json; sourceTree = "<group>"; };
		021549132A8BD9120064E3D3 /* NetworkManager.swift */ = {isa = PBXFileReference; fileEncoding = 4; lastKnownFileType = sourcecode.swift; path = NetworkManager.swift; sourceTree = "<group>"; };
		021549152A8BD9120064E3D3 /* ProducResponseKeyName.swift */ = {isa = PBXFileReference; fileEncoding = 4; lastKnownFileType = sourcecode.swift; path = ProducResponseKeyName.swift; sourceTree = "<group>"; };
		021549162A8BD9120064E3D3 /* NetworkError.swift */ = {isa = PBXFileReference; fileEncoding = 4; lastKnownFileType = sourcecode.swift; path = NetworkError.swift; sourceTree = "<group>"; };
		021549202A8BDB1C0064E3D3 /* NetworkResponseProtocol.swift */ = {isa = PBXFileReference; fileEncoding = 4; lastKnownFileType = sourcecode.swift; path = NetworkResponseProtocol.swift; sourceTree = "<group>"; };
		021549212A8BDB1C0064E3D3 /* NetworkAbleProtocol.swift */ = {isa = PBXFileReference; fileEncoding = 4; lastKnownFileType = sourcecode.swift; path = NetworkAbleProtocol.swift; sourceTree = "<group>"; };
		021549292A8BDC770064E3D3 /* MealsFilterResponse.swift */ = {isa = PBXFileReference; lastKnownFileType = sourcecode.swift; path = MealsFilterResponse.swift; sourceTree = "<group>"; };
		0215492B2A8BDF810064E3D3 /* MealsSearchLoopupResp.swift */ = {isa = PBXFileReference; lastKnownFileType = sourcecode.swift; path = MealsSearchLoopupResp.swift; sourceTree = "<group>"; };
		0215492D2A8BE0380064E3D3 /* CategoriesResponse.swift */ = {isa = PBXFileReference; lastKnownFileType = sourcecode.swift; path = CategoriesResponse.swift; sourceTree = "<group>"; };
		021549302A8BEC6F0064E3D3 /* ApiManager.swift */ = {isa = PBXFileReference; lastKnownFileType = sourcecode.swift; path = ApiManager.swift; sourceTree = "<group>"; };
		021549332A8D4A9D0064E3D3 /* MealsViewModel.swift */ = {isa = PBXFileReference; lastKnownFileType = sourcecode.swift; path = MealsViewModel.swift; sourceTree = "<group>"; };
		021549352A8D576A0064E3D3 /* Topic.swift */ = {isa = PBXFileReference; lastKnownFileType = sourcecode.swift; path = Topic.swift; sourceTree = "<group>"; };
		021549372A8D57770064E3D3 /* PathUrl.swift */ = {isa = PBXFileReference; lastKnownFileType = sourcecode.swift; path = PathUrl.swift; sourceTree = "<group>"; };
		0215493A2A8D61210064E3D3 /* UrlGen.swift */ = {isa = PBXFileReference; lastKnownFileType = sourcecode.swift; path = UrlGen.swift; sourceTree = "<group>"; };
		0215493C2A8D673E0064E3D3 /* UserDefaults+Extension.swift */ = {isa = PBXFileReference; lastKnownFileType = sourcecode.swift; path = "UserDefaults+Extension.swift"; sourceTree = "<group>"; };
		021549402A8D688D0064E3D3 /* UserDefaultsKeys.swift */ = {isa = PBXFileReference; lastKnownFileType = sourcecode.swift; path = UserDefaultsKeys.swift; sourceTree = "<group>"; };
		021549422A8D80880064E3D3 /* Date+Extension.swift */ = {isa = PBXFileReference; lastKnownFileType = sourcecode.swift; path = "Date+Extension.swift"; sourceTree = "<group>"; };
		02154A262A8E7FA20064E3D3 /* TabBarScreen.swift */ = {isa = PBXFileReference; lastKnownFileType = sourcecode.swift; path = TabBarScreen.swift; sourceTree = "<group>"; };
		02154A2A2A8E81060064E3D3 /* MainListScreen.swift */ = {isa = PBXFileReference; lastKnownFileType = sourcecode.swift; path = MainListScreen.swift; sourceTree = "<group>"; };
		02154A2D2A8EB1910064E3D3 /* SectionHeader.swift */ = {isa = PBXFileReference; lastKnownFileType = sourcecode.swift; path = SectionHeader.swift; sourceTree = "<group>"; };
		02154A2F2A8EB7200064E3D3 /* HeaderBarView.swift */ = {isa = PBXFileReference; lastKnownFileType = sourcecode.swift; path = HeaderBarView.swift; sourceTree = "<group>"; };
		02154A312A8EB9680064E3D3 /* Array+Extension.swift */ = {isa = PBXFileReference; lastKnownFileType = sourcecode.swift; path = "Array+Extension.swift"; sourceTree = "<group>"; };
		02154A332A8EBA710064E3D3 /* View.swift */ = {isa = PBXFileReference; lastKnownFileType = sourcecode.swift; path = View.swift; sourceTree = "<group>"; };
		02154A352A8EBAC80064E3D3 /* RoundedCorner.swift */ = {isa = PBXFileReference; lastKnownFileType = sourcecode.swift; path = RoundedCorner.swift; sourceTree = "<group>"; };
		02154A372A8FC1430064E3D3 /* Dictionary+Extension.swift */ = {isa = PBXFileReference; lastKnownFileType = sourcecode.swift; path = "Dictionary+Extension.swift"; sourceTree = "<group>"; };
		02154A392A8FCC650064E3D3 /* ModalView.swift */ = {isa = PBXFileReference; lastKnownFileType = sourcecode.swift; path = ModalView.swift; sourceTree = "<group>"; };
		02154A3B2A8FFEB60064E3D3 /* MainPath.swift */ = {isa = PBXFileReference; lastKnownFileType = sourcecode.swift; path = MainPath.swift; sourceTree = "<group>"; };
		021FDFE02A84244200E55FBD /* RecipesApp.app */ = {isa = PBXFileReference; explicitFileType = wrapper.application; includeInIndex = 0; path = RecipesApp.app; sourceTree = BUILT_PRODUCTS_DIR; };
		021FDFE32A84244200E55FBD /* RecipesAppApp.swift */ = {isa = PBXFileReference; lastKnownFileType = sourcecode.swift; path = RecipesAppApp.swift; sourceTree = "<group>"; };
		021FDFE52A84244200E55FBD /* ContentView.swift */ = {isa = PBXFileReference; lastKnownFileType = sourcecode.swift; path = ContentView.swift; sourceTree = "<group>"; };
		021FDFE72A84244700E55FBD /* Assets.xcassets */ = {isa = PBXFileReference; lastKnownFileType = folder.assetcatalog; path = Assets.xcassets; sourceTree = "<group>"; };
		021FDFEA2A84244700E55FBD /* Preview Assets.xcassets */ = {isa = PBXFileReference; lastKnownFileType = folder.assetcatalog; path = "Preview Assets.xcassets"; sourceTree = "<group>"; };
		021FDFEC2A84244700E55FBD /* Persistence.swift */ = {isa = PBXFileReference; lastKnownFileType = sourcecode.swift; path = Persistence.swift; sourceTree = "<group>"; };
		021FDFEF2A84244700E55FBD /* RecipesApp.xcdatamodel */ = {isa = PBXFileReference; lastKnownFileType = wrapper.xcdatamodel; path = RecipesApp.xcdatamodel; sourceTree = "<group>"; };
		021FDFF52A84244700E55FBD /* RecipesAppTests.xctest */ = {isa = PBXFileReference; explicitFileType = wrapper.cfbundle; includeInIndex = 0; path = RecipesAppTests.xctest; sourceTree = BUILT_PRODUCTS_DIR; };
		021FDFF92A84244700E55FBD /* RecipesAppTests.swift */ = {isa = PBXFileReference; lastKnownFileType = sourcecode.swift; path = RecipesAppTests.swift; sourceTree = "<group>"; };
		021FDFFF2A84244700E55FBD /* RecipesAppUITests.xctest */ = {isa = PBXFileReference; explicitFileType = wrapper.cfbundle; includeInIndex = 0; path = RecipesAppUITests.xctest; sourceTree = BUILT_PRODUCTS_DIR; };
		021FE0032A84244700E55FBD /* RecipesAppUITests.swift */ = {isa = PBXFileReference; lastKnownFileType = sourcecode.swift; path = RecipesAppUITests.swift; sourceTree = "<group>"; };
		021FE0052A84244700E55FBD /* RecipesAppUITestsLaunchTests.swift */ = {isa = PBXFileReference; lastKnownFileType = sourcecode.swift; path = RecipesAppUITestsLaunchTests.swift; sourceTree = "<group>"; };
		021FE0132A8424A700E55FBD /* YoutubeView.swift */ = {isa = PBXFileReference; lastKnownFileType = sourcecode.swift; path = YoutubeView.swift; sourceTree = "<group>"; };
		021FE0152A84259000E55FBD /* CollectionView.swift */ = {isa = PBXFileReference; lastKnownFileType = sourcecode.swift; path = CollectionView.swift; sourceTree = "<group>"; };
		021FE0182A842DE100E55FBD /* Info.plist */ = {isa = PBXFileReference; lastKnownFileType = text.plist; path = Info.plist; sourceTree = "<group>"; };
		021FE0282A84311100E55FBD /* GoogleService-Info.plist */ = {isa = PBXFileReference; lastKnownFileType = text.plist; name = "GoogleService-Info.plist"; path = "RecipesApp/GoogleService-Info.plist"; sourceTree = SOURCE_ROOT; };
		027BE1AE2A87280900DC5E10 /* LoginScreen.swift */ = {isa = PBXFileReference; lastKnownFileType = sourcecode.swift; path = LoginScreen.swift; sourceTree = "<group>"; };
		027BE1B32A87D12700DC5E10 /* CustomTextField.swift */ = {isa = PBXFileReference; lastKnownFileType = sourcecode.swift; path = CustomTextField.swift; sourceTree = "<group>"; };
		027BE1B52A87D28100DC5E10 /* LoginViewModel.swift */ = {isa = PBXFileReference; lastKnownFileType = sourcecode.swift; path = LoginViewModel.swift; sourceTree = "<group>"; };
		027BE1B72A88126F00DC5E10 /* UIApplication+Extension.swift */ = {isa = PBXFileReference; lastKnownFileType = sourcecode.swift; path = "UIApplication+Extension.swift"; sourceTree = "<group>"; };
		DD46EF402A8D9DD9008B2DE6 /* MainCoordinator.swift */ = {isa = PBXFileReference; lastKnownFileType = sourcecode.swift; path = MainCoordinator.swift; sourceTree = "<group>"; };
		DD46EF422A8DB607008B2DE6 /* MainView.swift */ = {isa = PBXFileReference; lastKnownFileType = sourcecode.swift; path = MainView.swift; sourceTree = "<group>"; };
/* End PBXFileReference section */

/* Begin PBXFrameworksBuildPhase section */
		021FDFDD2A84244200E55FBD /* Frameworks */ = {
			isa = PBXFrameworksBuildPhase;
			buildActionMask = 2147483647;
			files = (
				027BE1AD2A87277F00DC5E10 /* GoogleSignInSwift in Frameworks */,
				027BE1A82A8726D800DC5E10 /* FirebaseAuth in Frameworks */,
				027BE1AB2A87277F00DC5E10 /* GoogleSignIn in Frameworks */,
			);
			runOnlyForDeploymentPostprocessing = 0;
		};
		021FDFF22A84244700E55FBD /* Frameworks */ = {
			isa = PBXFrameworksBuildPhase;
			buildActionMask = 2147483647;
			files = (
			);
			runOnlyForDeploymentPostprocessing = 0;
		};
		021FDFFC2A84244700E55FBD /* Frameworks */ = {
			isa = PBXFrameworksBuildPhase;
			buildActionMask = 2147483647;
			files = (
			);
			runOnlyForDeploymentPostprocessing = 0;
		};
/* End PBXFrameworksBuildPhase section */

/* Begin PBXGroup section */
		021549092A8BD8D10064E3D3 /* Managers */ = {
			isa = PBXGroup;
			children = (
				021549282A8BDBBB0064E3D3 /* Persistence */,
				0215490A2A8BD9120064E3D3 /* Network */,
			);
			path = Managers;
			sourceTree = "<group>";
		};
		0215490A2A8BD9120064E3D3 /* Network */ = {
			isa = PBXGroup;
			children = (
				0215490B2A8BD9120064E3D3 /* FakeNetworkManager */,
				021549122A8BD9120064E3D3 /* NetworkManager */,
				021549142A8BD9120064E3D3 /* Enums */,
				021549302A8BEC6F0064E3D3 /* ApiManager.swift */,
			);
			path = Network;
			sourceTree = "<group>";
		};
		0215490B2A8BD9120064E3D3 /* FakeNetworkManager */ = {
			isa = PBXGroup;
			children = (
				0215490C2A8BD9120064E3D3 /* FakeFile.swift */,
				0215490D2A8BD9120064E3D3 /* FakeNetworkManager.swift */,
				0215490E2A8BD9120064E3D3 /* Files */,
			);
			path = FakeNetworkManager;
			sourceTree = "<group>";
		};
		0215490E2A8BD9120064E3D3 /* Files */ = {
			isa = PBXGroup;
			children = (
				0215490F2A8BD9120064E3D3 /* empty.json */,
				021549102A8BD9120064E3D3 /* fullList.json */,
				021549112A8BD9120064E3D3 /* wrongData.json */,
			);
			path = Files;
			sourceTree = "<group>";
		};
		021549122A8BD9120064E3D3 /* NetworkManager */ = {
			isa = PBXGroup;
			children = (
				021549132A8BD9120064E3D3 /* NetworkManager.swift */,
			);
			path = NetworkManager;
			sourceTree = "<group>";
		};
		021549142A8BD9120064E3D3 /* Enums */ = {
			isa = PBXGroup;
			children = (
				021549152A8BD9120064E3D3 /* ProducResponseKeyName.swift */,
				021549162A8BD9120064E3D3 /* NetworkError.swift */,
				021549352A8D576A0064E3D3 /* Topic.swift */,
				021549372A8D57770064E3D3 /* PathUrl.swift */,
			);
			path = Enums;
			sourceTree = "<group>";
		};
		0215491F2A8BDB1C0064E3D3 /* Protocols */ = {
			isa = PBXGroup;
			children = (
				021549202A8BDB1C0064E3D3 /* NetworkResponseProtocol.swift */,
				021549212A8BDB1C0064E3D3 /* NetworkAbleProtocol.swift */,
			);
			path = Protocols;
			sourceTree = "<group>";
		};
		021549242A8BDB3C0064E3D3 /* Misc */ = {
			isa = PBXGroup;
			children = (
				021549392A8D610F0064E3D3 /* Singletons */,
				021549322A8D49AE0064E3D3 /* Extensions */,
				0215491F2A8BDB1C0064E3D3 /* Protocols */,
				021549092A8BD8D10064E3D3 /* Managers */,
			);
			path = Misc;
			sourceTree = "<group>";
		};
		021549252A8BDB4F0064E3D3 /* Coordinator */ = {
			isa = PBXGroup;
			children = (
				DD46EF402A8D9DD9008B2DE6 /* MainCoordinator.swift */,
			);
			path = Coordinator;
			sourceTree = "<group>";
		};
		021549282A8BDBBB0064E3D3 /* Persistence */ = {
			isa = PBXGroup;
			children = (
				021FDFEC2A84244700E55FBD /* Persistence.swift */,
				021FDFEE2A84244700E55FBD /* RecipesApp.xcdatamodeld */,
			);
			path = Persistence;
			sourceTree = "<group>";
		};
		021549322A8D49AE0064E3D3 /* Extensions */ = {
			isa = PBXGroup;
			children = (
				027BE1B72A88126F00DC5E10 /* UIApplication+Extension.swift */,
				0215493C2A8D673E0064E3D3 /* UserDefaults+Extension.swift */,
				021549422A8D80880064E3D3 /* Date+Extension.swift */,
				02154A312A8EB9680064E3D3 /* Array+Extension.swift */,
				02154A332A8EBA710064E3D3 /* View.swift */,
				02154A372A8FC1430064E3D3 /* Dictionary+Extension.swift */,
			);
			path = Extensions;
			sourceTree = "<group>";
		};
		021549392A8D610F0064E3D3 /* Singletons */ = {
			isa = PBXGroup;
			children = (
				0215493A2A8D61210064E3D3 /* UrlGen.swift */,
			);
			path = Singletons;
			sourceTree = "<group>";
		};
		0215493E2A8D68670064E3D3 /* Internal */ = {
			isa = PBXGroup;
			children = (
				021549402A8D688D0064E3D3 /* UserDefaultsKeys.swift */,
				02154A3B2A8FFEB60064E3D3 /* MainPath.swift */,
			);
			path = Internal;
			sourceTree = "<group>";
		};
		0215493F2A8D68770064E3D3 /* Web */ = {
			isa = PBXGroup;
			children = (
				021549292A8BDC770064E3D3 /* MealsFilterResponse.swift */,
				0215492B2A8BDF810064E3D3 /* MealsSearchLoopupResp.swift */,
				0215492D2A8BE0380064E3D3 /* CategoriesResponse.swift */,
			);
			path = Web;
			sourceTree = "<group>";
		};
		02154A282A8E80220064E3D3 /* Login */ = {
			isa = PBXGroup;
			children = (
				027BE1AE2A87280900DC5E10 /* LoginScreen.swift */,
			);
			path = Login;
			sourceTree = "<group>";
		};
		02154A292A8E802B0064E3D3 /* TabBarScreens */ = {
			isa = PBXGroup;
			children = (
				02154A262A8E7FA20064E3D3 /* TabBarScreen.swift */,
				02154A2A2A8E81060064E3D3 /* MainListScreen.swift */,
				02154A392A8FCC650064E3D3 /* ModalView.swift */,
			);
			path = TabBarScreens;
			sourceTree = "<group>";
		};
		02154A2C2A8EB1840064E3D3 /* Common */ = {
			isa = PBXGroup;
			children = (
				02154A2D2A8EB1910064E3D3 /* SectionHeader.swift */,
				02154A2F2A8EB7200064E3D3 /* HeaderBarView.swift */,
			);
			path = Common;
			sourceTree = "<group>";
		};
		021FDFD72A84244200E55FBD = {
			isa = PBXGroup;
			children = (
				021FDFE22A84244200E55FBD /* RecipesApp */,
				021FDFF82A84244700E55FBD /* RecipesAppTests */,
				021FE0022A84244700E55FBD /* RecipesAppUITests */,
				021FDFE12A84244200E55FBD /* Products */,
			);
			sourceTree = "<group>";
		};
		021FDFE12A84244200E55FBD /* Products */ = {
			isa = PBXGroup;
			children = (
				021FDFE02A84244200E55FBD /* RecipesApp.app */,
				021FDFF52A84244700E55FBD /* RecipesAppTests.xctest */,
				021FDFFF2A84244700E55FBD /* RecipesAppUITests.xctest */,
			);
			name = Products;
			sourceTree = "<group>";
		};
		021FDFE22A84244200E55FBD /* RecipesApp */ = {
			isa = PBXGroup;
			children = (
				021FE0192A842E2600E55FBD /* Model */,
				021FE0122A84247B00E55FBD /* View */,
				021FE02A2A84323800E55FBD /* ViewModel */,
				021549252A8BDB4F0064E3D3 /* Coordinator */,
				021549242A8BDB3C0064E3D3 /* Misc */,
				021FE0282A84311100E55FBD /* GoogleService-Info.plist */,
				021FE0182A842DE100E55FBD /* Info.plist */,
				021FDFE72A84244700E55FBD /* Assets.xcassets */,
				DD46EF422A8DB607008B2DE6 /* MainView.swift */,
				021FDFE32A84244200E55FBD /* RecipesAppApp.swift */,
				021FDFE92A84244700E55FBD /* Preview Content */,
			);
			path = RecipesApp;
			sourceTree = "<group>";
		};
		021FDFE92A84244700E55FBD /* Preview Content */ = {
			isa = PBXGroup;
			children = (
				021FDFEA2A84244700E55FBD /* Preview Assets.xcassets */,
			);
			path = "Preview Content";
			sourceTree = "<group>";
		};
		021FDFF82A84244700E55FBD /* RecipesAppTests */ = {
			isa = PBXGroup;
			children = (
				021FDFF92A84244700E55FBD /* RecipesAppTests.swift */,
			);
			path = RecipesAppTests;
			sourceTree = "<group>";
		};
		021FE0022A84244700E55FBD /* RecipesAppUITests */ = {
			isa = PBXGroup;
			children = (
				021FE0032A84244700E55FBD /* RecipesAppUITests.swift */,
				021FE0052A84244700E55FBD /* RecipesAppUITestsLaunchTests.swift */,
			);
			path = RecipesAppUITests;
			sourceTree = "<group>";
		};
		021FE0122A84247B00E55FBD /* View */ = {
			isa = PBXGroup;
			children = (
				02154A2C2A8EB1840064E3D3 /* Common */,
				02154A292A8E802B0064E3D3 /* TabBarScreens */,
				02154A282A8E80220064E3D3 /* Login */,
				027BE1B22A87D11600DC5E10 /* Custom */,
				021FDFE52A84244200E55FBD /* ContentView.swift */,
				021FE0132A8424A700E55FBD /* YoutubeView.swift */,
				021FE0152A84259000E55FBD /* CollectionView.swift */,
			);
			path = View;
			sourceTree = "<group>";
		};
		021FE0192A842E2600E55FBD /* Model */ = {
			isa = PBXGroup;
			children = (
				0215493F2A8D68770064E3D3 /* Web */,
				0215493E2A8D68670064E3D3 /* Internal */,
			);
			path = Model;
			sourceTree = "<group>";
		};
		021FE02A2A84323800E55FBD /* ViewModel */ = {
			isa = PBXGroup;
			children = (
				027BE1B52A87D28100DC5E10 /* LoginViewModel.swift */,
				021549332A8D4A9D0064E3D3 /* MealsViewModel.swift */,
			);
			path = ViewModel;
			sourceTree = "<group>";
		};
		027BE1B22A87D11600DC5E10 /* Custom */ = {
			isa = PBXGroup;
			children = (
				027BE1B32A87D12700DC5E10 /* CustomTextField.swift */,
				02154A352A8EBAC80064E3D3 /* RoundedCorner.swift */,
			);
			path = Custom;
			sourceTree = "<group>";
		};
/* End PBXGroup section */

/* Begin PBXNativeTarget section */
		021FDFDF2A84244200E55FBD /* RecipesApp */ = {
			isa = PBXNativeTarget;
			buildConfigurationList = 021FE0092A84244700E55FBD /* Build configuration list for PBXNativeTarget "RecipesApp" */;
			buildPhases = (
				021FDFDC2A84244200E55FBD /* Sources */,
				021FDFDD2A84244200E55FBD /* Frameworks */,
				021FDFDE2A84244200E55FBD /* Resources */,
			);
			buildRules = (
			);
			dependencies = (
			);
			name = RecipesApp;
			packageProductDependencies = (
				027BE1A72A8726D800DC5E10 /* FirebaseAuth */,
				027BE1AA2A87277F00DC5E10 /* GoogleSignIn */,
				027BE1AC2A87277F00DC5E10 /* GoogleSignInSwift */,
			);
			productName = RecipesApp;
			productReference = 021FDFE02A84244200E55FBD /* RecipesApp.app */;
			productType = "com.apple.product-type.application";
		};
		021FDFF42A84244700E55FBD /* RecipesAppTests */ = {
			isa = PBXNativeTarget;
			buildConfigurationList = 021FE00C2A84244700E55FBD /* Build configuration list for PBXNativeTarget "RecipesAppTests" */;
			buildPhases = (
				021FDFF12A84244700E55FBD /* Sources */,
				021FDFF22A84244700E55FBD /* Frameworks */,
				021FDFF32A84244700E55FBD /* Resources */,
			);
			buildRules = (
			);
			dependencies = (
				021FDFF72A84244700E55FBD /* PBXTargetDependency */,
			);
			name = RecipesAppTests;
			productName = RecipesAppTests;
			productReference = 021FDFF52A84244700E55FBD /* RecipesAppTests.xctest */;
			productType = "com.apple.product-type.bundle.unit-test";
		};
		021FDFFE2A84244700E55FBD /* RecipesAppUITests */ = {
			isa = PBXNativeTarget;
			buildConfigurationList = 021FE00F2A84244700E55FBD /* Build configuration list for PBXNativeTarget "RecipesAppUITests" */;
			buildPhases = (
				021FDFFB2A84244700E55FBD /* Sources */,
				021FDFFC2A84244700E55FBD /* Frameworks */,
				021FDFFD2A84244700E55FBD /* Resources */,
			);
			buildRules = (
			);
			dependencies = (
				021FE0012A84244700E55FBD /* PBXTargetDependency */,
			);
			name = RecipesAppUITests;
			productName = RecipesAppUITests;
			productReference = 021FDFFF2A84244700E55FBD /* RecipesAppUITests.xctest */;
			productType = "com.apple.product-type.bundle.ui-testing";
		};
/* End PBXNativeTarget section */

/* Begin PBXProject section */
		021FDFD82A84244200E55FBD /* Project object */ = {
			isa = PBXProject;
			attributes = {
				BuildIndependentTargetsInParallel = 1;
				LastSwiftUpdateCheck = 1430;
				LastUpgradeCheck = 1430;
				TargetAttributes = {
					021FDFDF2A84244200E55FBD = {
						CreatedOnToolsVersion = 14.3.1;
					};
					021FDFF42A84244700E55FBD = {
						CreatedOnToolsVersion = 14.3.1;
						TestTargetID = 021FDFDF2A84244200E55FBD;
					};
					021FDFFE2A84244700E55FBD = {
						CreatedOnToolsVersion = 14.3.1;
						TestTargetID = 021FDFDF2A84244200E55FBD;
					};
				};
			};
			buildConfigurationList = 021FDFDB2A84244200E55FBD /* Build configuration list for PBXProject "RecipesApp" */;
			compatibilityVersion = "Xcode 14.0";
			developmentRegion = en;
			hasScannedForEncodings = 0;
			knownRegions = (
				en,
				Base,
			);
			mainGroup = 021FDFD72A84244200E55FBD;
			packageReferences = (
				027BE1A62A8726D800DC5E10 /* XCRemoteSwiftPackageReference "firebase-ios-sdk" */,
				027BE1A92A87277F00DC5E10 /* XCRemoteSwiftPackageReference "GoogleSignIn-iOS" */,
			);
			productRefGroup = 021FDFE12A84244200E55FBD /* Products */;
			projectDirPath = "";
			projectRoot = "";
			targets = (
				021FDFDF2A84244200E55FBD /* RecipesApp */,
				021FDFF42A84244700E55FBD /* RecipesAppTests */,
				021FDFFE2A84244700E55FBD /* RecipesAppUITests */,
			);
		};
/* End PBXProject section */

/* Begin PBXResourcesBuildPhase section */
		021FDFDE2A84244200E55FBD /* Resources */ = {
			isa = PBXResourcesBuildPhase;
			buildActionMask = 2147483647;
			files = (
				021FDFEB2A84244700E55FBD /* Preview Assets.xcassets in Resources */,
				0215491B2A8BD9120064E3D3 /* wrongData.json in Resources */,
				021549192A8BD9120064E3D3 /* empty.json in Resources */,
				0215491A2A8BD9120064E3D3 /* fullList.json in Resources */,
				021FDFE82A84244700E55FBD /* Assets.xcassets in Resources */,
				021FE0292A84311100E55FBD /* GoogleService-Info.plist in Resources */,
			);
			runOnlyForDeploymentPostprocessing = 0;
		};
		021FDFF32A84244700E55FBD /* Resources */ = {
			isa = PBXResourcesBuildPhase;
			buildActionMask = 2147483647;
			files = (
			);
			runOnlyForDeploymentPostprocessing = 0;
		};
		021FDFFD2A84244700E55FBD /* Resources */ = {
			isa = PBXResourcesBuildPhase;
			buildActionMask = 2147483647;
			files = (
			);
			runOnlyForDeploymentPostprocessing = 0;
		};
/* End PBXResourcesBuildPhase section */

/* Begin PBXSourcesBuildPhase section */
		021FDFDC2A84244200E55FBD /* Sources */ = {
			isa = PBXSourcesBuildPhase;
			buildActionMask = 2147483647;
			files = (
				021549382A8D57770064E3D3 /* PathUrl.swift in Sources */,
				021FE0162A84259000E55FBD /* CollectionView.swift in Sources */,
				021549362A8D576A0064E3D3 /* Topic.swift in Sources */,
				021FDFED2A84244700E55FBD /* Persistence.swift in Sources */,
				021549412A8D688D0064E3D3 /* UserDefaultsKeys.swift in Sources */,
				0215491D2A8BD9120064E3D3 /* ProducResponseKeyName.swift in Sources */,
				02154A362A8EBAC80064E3D3 /* RoundedCorner.swift in Sources */,
				021549262A8BDB710064E3D3 /* NetworkResponseProtocol.swift in Sources */,
				0215492C2A8BDF810064E3D3 /* MealsSearchLoopupResp.swift in Sources */,
				02154A2E2A8EB1910064E3D3 /* SectionHeader.swift in Sources */,
				021FE0142A8424A700E55FBD /* YoutubeView.swift in Sources */,
				02154A272A8E7FA20064E3D3 /* TabBarScreen.swift in Sources */,
				02154A322A8EB9680064E3D3 /* Array+Extension.swift in Sources */,
				0215491C2A8BD9120064E3D3 /* NetworkManager.swift in Sources */,
				021FDFE62A84244200E55FBD /* ContentView.swift in Sources */,
				021FDFE42A84244200E55FBD /* RecipesAppApp.swift in Sources */,
				027BE1B62A87D28100DC5E10 /* LoginViewModel.swift in Sources */,
				DD46EF412A8D9DD9008B2DE6 /* MainCoordinator.swift in Sources */,
				021549312A8BEC6F0064E3D3 /* ApiManager.swift in Sources */,
				02154A382A8FC1430064E3D3 /* Dictionary+Extension.swift in Sources */,
				02154A2B2A8E81060064E3D3 /* MainListScreen.swift in Sources */,
				02154A3A2A8FCC650064E3D3 /* ModalView.swift in Sources */,
				027BE1B42A87D12700DC5E10 /* CustomTextField.swift in Sources */,
				0215491E2A8BD9120064E3D3 /* NetworkError.swift in Sources */,
				0215492E2A8BE0380064E3D3 /* CategoriesResponse.swift in Sources */,
				027BE1AF2A87280900DC5E10 /* LoginScreen.swift in Sources */,
				021FDFF02A84244700E55FBD /* RecipesApp.xcdatamodeld in Sources */,
				02154A3C2A8FFEB60064E3D3 /* MainPath.swift in Sources */,
				027BE1B82A88126F00DC5E10 /* UIApplication+Extension.swift in Sources */,
				0215493B2A8D61210064E3D3 /* UrlGen.swift in Sources */,
				02154A302A8EB7200064E3D3 /* HeaderBarView.swift in Sources */,
				021549172A8BD9120064E3D3 /* FakeFile.swift in Sources */,
				0215492A2A8BDC770064E3D3 /* MealsFilterResponse.swift in Sources */,
				0215493D2A8D673E0064E3D3 /* UserDefaults+Extension.swift in Sources */,
				021549272A8BDB740064E3D3 /* NetworkAbleProtocol.swift in Sources */,
				021549432A8D80880064E3D3 /* Date+Extension.swift in Sources */,
				02154A342A8EBA710064E3D3 /* View.swift in Sources */,
				DD46EF432A8DB607008B2DE6 /* MainView.swift in Sources */,
				021549182A8BD9120064E3D3 /* FakeNetworkManager.swift in Sources */,
				021549342A8D4A9D0064E3D3 /* MealsViewModel.swift in Sources */,
			);
			runOnlyForDeploymentPostprocessing = 0;
		};
		021FDFF12A84244700E55FBD /* Sources */ = {
			isa = PBXSourcesBuildPhase;
			buildActionMask = 2147483647;
			files = (
				021FDFFA2A84244700E55FBD /* RecipesAppTests.swift in Sources */,
			);
			runOnlyForDeploymentPostprocessing = 0;
		};
		021FDFFB2A84244700E55FBD /* Sources */ = {
			isa = PBXSourcesBuildPhase;
			buildActionMask = 2147483647;
			files = (
				021FE0062A84244700E55FBD /* RecipesAppUITestsLaunchTests.swift in Sources */,
				021FE0042A84244700E55FBD /* RecipesAppUITests.swift in Sources */,
			);
			runOnlyForDeploymentPostprocessing = 0;
		};
/* End PBXSourcesBuildPhase section */

/* Begin PBXTargetDependency section */
		021FDFF72A84244700E55FBD /* PBXTargetDependency */ = {
			isa = PBXTargetDependency;
			target = 021FDFDF2A84244200E55FBD /* RecipesApp */;
			targetProxy = 021FDFF62A84244700E55FBD /* PBXContainerItemProxy */;
		};
		021FE0012A84244700E55FBD /* PBXTargetDependency */ = {
			isa = PBXTargetDependency;
			target = 021FDFDF2A84244200E55FBD /* RecipesApp */;
			targetProxy = 021FE0002A84244700E55FBD /* PBXContainerItemProxy */;
		};
/* End PBXTargetDependency section */

/* Begin XCBuildConfiguration section */
		021FE0072A84244700E55FBD /* Debug */ = {
			isa = XCBuildConfiguration;
			buildSettings = {
				ALWAYS_SEARCH_USER_PATHS = NO;
				CLANG_ANALYZER_NONNULL = YES;
				CLANG_ANALYZER_NUMBER_OBJECT_CONVERSION = YES_AGGRESSIVE;
				CLANG_CXX_LANGUAGE_STANDARD = "gnu++20";
				CLANG_ENABLE_MODULES = YES;
				CLANG_ENABLE_OBJC_ARC = YES;
				CLANG_ENABLE_OBJC_WEAK = YES;
				CLANG_WARN_BLOCK_CAPTURE_AUTORELEASING = YES;
				CLANG_WARN_BOOL_CONVERSION = YES;
				CLANG_WARN_COMMA = YES;
				CLANG_WARN_CONSTANT_CONVERSION = YES;
				CLANG_WARN_DEPRECATED_OBJC_IMPLEMENTATIONS = YES;
				CLANG_WARN_DIRECT_OBJC_ISA_USAGE = YES_ERROR;
				CLANG_WARN_DOCUMENTATION_COMMENTS = YES;
				CLANG_WARN_EMPTY_BODY = YES;
				CLANG_WARN_ENUM_CONVERSION = YES;
				CLANG_WARN_INFINITE_RECURSION = YES;
				CLANG_WARN_INT_CONVERSION = YES;
				CLANG_WARN_NON_LITERAL_NULL_CONVERSION = YES;
				CLANG_WARN_OBJC_IMPLICIT_RETAIN_SELF = YES;
				CLANG_WARN_OBJC_LITERAL_CONVERSION = YES;
				CLANG_WARN_OBJC_ROOT_CLASS = YES_ERROR;
				CLANG_WARN_QUOTED_INCLUDE_IN_FRAMEWORK_HEADER = YES;
				CLANG_WARN_RANGE_LOOP_ANALYSIS = YES;
				CLANG_WARN_STRICT_PROTOTYPES = YES;
				CLANG_WARN_SUSPICIOUS_MOVE = YES;
				CLANG_WARN_UNGUARDED_AVAILABILITY = YES_AGGRESSIVE;
				CLANG_WARN_UNREACHABLE_CODE = YES;
				CLANG_WARN__DUPLICATE_METHOD_MATCH = YES;
				COPY_PHASE_STRIP = NO;
				DEBUG_INFORMATION_FORMAT = dwarf;
				ENABLE_STRICT_OBJC_MSGSEND = YES;
				ENABLE_TESTABILITY = YES;
				GCC_C_LANGUAGE_STANDARD = gnu11;
				GCC_DYNAMIC_NO_PIC = NO;
				GCC_NO_COMMON_BLOCKS = YES;
				GCC_OPTIMIZATION_LEVEL = 0;
				GCC_PREPROCESSOR_DEFINITIONS = (
					"DEBUG=1",
					"$(inherited)",
				);
				GCC_WARN_64_TO_32_BIT_CONVERSION = YES;
				GCC_WARN_ABOUT_RETURN_TYPE = YES_ERROR;
				GCC_WARN_UNDECLARED_SELECTOR = YES;
				GCC_WARN_UNINITIALIZED_AUTOS = YES_AGGRESSIVE;
				GCC_WARN_UNUSED_FUNCTION = YES;
				GCC_WARN_UNUSED_VARIABLE = YES;
				IPHONEOS_DEPLOYMENT_TARGET = 16.4;
				MTL_ENABLE_DEBUG_INFO = INCLUDE_SOURCE;
				MTL_FAST_MATH = YES;
				ONLY_ACTIVE_ARCH = YES;
				SDKROOT = iphoneos;
				SWIFT_ACTIVE_COMPILATION_CONDITIONS = DEBUG;
				SWIFT_OPTIMIZATION_LEVEL = "-Onone";
			};
			name = Debug;
		};
		021FE0082A84244700E55FBD /* Release */ = {
			isa = XCBuildConfiguration;
			buildSettings = {
				ALWAYS_SEARCH_USER_PATHS = NO;
				CLANG_ANALYZER_NONNULL = YES;
				CLANG_ANALYZER_NUMBER_OBJECT_CONVERSION = YES_AGGRESSIVE;
				CLANG_CXX_LANGUAGE_STANDARD = "gnu++20";
				CLANG_ENABLE_MODULES = YES;
				CLANG_ENABLE_OBJC_ARC = YES;
				CLANG_ENABLE_OBJC_WEAK = YES;
				CLANG_WARN_BLOCK_CAPTURE_AUTORELEASING = YES;
				CLANG_WARN_BOOL_CONVERSION = YES;
				CLANG_WARN_COMMA = YES;
				CLANG_WARN_CONSTANT_CONVERSION = YES;
				CLANG_WARN_DEPRECATED_OBJC_IMPLEMENTATIONS = YES;
				CLANG_WARN_DIRECT_OBJC_ISA_USAGE = YES_ERROR;
				CLANG_WARN_DOCUMENTATION_COMMENTS = YES;
				CLANG_WARN_EMPTY_BODY = YES;
				CLANG_WARN_ENUM_CONVERSION = YES;
				CLANG_WARN_INFINITE_RECURSION = YES;
				CLANG_WARN_INT_CONVERSION = YES;
				CLANG_WARN_NON_LITERAL_NULL_CONVERSION = YES;
				CLANG_WARN_OBJC_IMPLICIT_RETAIN_SELF = YES;
				CLANG_WARN_OBJC_LITERAL_CONVERSION = YES;
				CLANG_WARN_OBJC_ROOT_CLASS = YES_ERROR;
				CLANG_WARN_QUOTED_INCLUDE_IN_FRAMEWORK_HEADER = YES;
				CLANG_WARN_RANGE_LOOP_ANALYSIS = YES;
				CLANG_WARN_STRICT_PROTOTYPES = YES;
				CLANG_WARN_SUSPICIOUS_MOVE = YES;
				CLANG_WARN_UNGUARDED_AVAILABILITY = YES_AGGRESSIVE;
				CLANG_WARN_UNREACHABLE_CODE = YES;
				CLANG_WARN__DUPLICATE_METHOD_MATCH = YES;
				COPY_PHASE_STRIP = NO;
				DEBUG_INFORMATION_FORMAT = "dwarf-with-dsym";
				ENABLE_NS_ASSERTIONS = NO;
				ENABLE_STRICT_OBJC_MSGSEND = YES;
				GCC_C_LANGUAGE_STANDARD = gnu11;
				GCC_NO_COMMON_BLOCKS = YES;
				GCC_WARN_64_TO_32_BIT_CONVERSION = YES;
				GCC_WARN_ABOUT_RETURN_TYPE = YES_ERROR;
				GCC_WARN_UNDECLARED_SELECTOR = YES;
				GCC_WARN_UNINITIALIZED_AUTOS = YES_AGGRESSIVE;
				GCC_WARN_UNUSED_FUNCTION = YES;
				GCC_WARN_UNUSED_VARIABLE = YES;
				IPHONEOS_DEPLOYMENT_TARGET = 16.4;
				MTL_ENABLE_DEBUG_INFO = NO;
				MTL_FAST_MATH = YES;
				SDKROOT = iphoneos;
				SWIFT_COMPILATION_MODE = wholemodule;
				SWIFT_OPTIMIZATION_LEVEL = "-O";
				VALIDATE_PRODUCT = YES;
			};
			name = Release;
		};
		021FE00A2A84244700E55FBD /* Debug */ = {
			isa = XCBuildConfiguration;
			buildSettings = {
				ASSETCATALOG_COMPILER_APPICON_NAME = AppIcon;
				ASSETCATALOG_COMPILER_GLOBAL_ACCENT_COLOR_NAME = AccentColor;
				CODE_SIGN_STYLE = Automatic;
				CURRENT_PROJECT_VERSION = 1;
				DEVELOPMENT_ASSET_PATHS = "\"RecipesApp/Preview Content\"";
				ENABLE_PREVIEWS = YES;
				GENERATE_INFOPLIST_FILE = YES;
				INFOPLIST_FILE = RecipesApp/Info.plist;
				INFOPLIST_KEY_LSApplicationCategoryType = "";
				INFOPLIST_KEY_UIApplicationSceneManifest_Generation = YES;
				INFOPLIST_KEY_UIApplicationSupportsIndirectInputEvents = YES;
				INFOPLIST_KEY_UILaunchScreen_Generation = YES;
				INFOPLIST_KEY_UISupportedInterfaceOrientations_iPad = "UIInterfaceOrientationPortrait UIInterfaceOrientationPortraitUpsideDown UIInterfaceOrientationLandscapeLeft UIInterfaceOrientationLandscapeRight";
				INFOPLIST_KEY_UISupportedInterfaceOrientations_iPhone = "UIInterfaceOrientationPortrait UIInterfaceOrientationLandscapeLeft UIInterfaceOrientationLandscapeRight";
				LD_RUNPATH_SEARCH_PATHS = (
					"$(inherited)",
					"@executable_path/Frameworks",
				);
				MARKETING_VERSION = 1.0;
				PRODUCT_BUNDLE_IDENTIFIER = com.apaladines.techconsulting.recipes.org;
				PRODUCT_NAME = "$(TARGET_NAME)";
				SWIFT_EMIT_LOC_STRINGS = YES;
				SWIFT_VERSION = 5.0;
				TARGETED_DEVICE_FAMILY = "1,2";
			};
			name = Debug;
		};
		021FE00B2A84244700E55FBD /* Release */ = {
			isa = XCBuildConfiguration;
			buildSettings = {
				ASSETCATALOG_COMPILER_APPICON_NAME = AppIcon;
				ASSETCATALOG_COMPILER_GLOBAL_ACCENT_COLOR_NAME = AccentColor;
				CODE_SIGN_STYLE = Automatic;
				CURRENT_PROJECT_VERSION = 1;
				DEVELOPMENT_ASSET_PATHS = "\"RecipesApp/Preview Content\"";
				ENABLE_PREVIEWS = YES;
				GENERATE_INFOPLIST_FILE = YES;
				INFOPLIST_FILE = RecipesApp/Info.plist;
				INFOPLIST_KEY_LSApplicationCategoryType = "";
				INFOPLIST_KEY_UIApplicationSceneManifest_Generation = YES;
				INFOPLIST_KEY_UIApplicationSupportsIndirectInputEvents = YES;
				INFOPLIST_KEY_UILaunchScreen_Generation = YES;
				INFOPLIST_KEY_UISupportedInterfaceOrientations_iPad = "UIInterfaceOrientationPortrait UIInterfaceOrientationPortraitUpsideDown UIInterfaceOrientationLandscapeLeft UIInterfaceOrientationLandscapeRight";
				INFOPLIST_KEY_UISupportedInterfaceOrientations_iPhone = "UIInterfaceOrientationPortrait UIInterfaceOrientationLandscapeLeft UIInterfaceOrientationLandscapeRight";
				LD_RUNPATH_SEARCH_PATHS = (
					"$(inherited)",
					"@executable_path/Frameworks",
				);
				MARKETING_VERSION = 1.0;
				PRODUCT_BUNDLE_IDENTIFIER = com.apaladines.techconsulting.recipes.org;
				PRODUCT_NAME = "$(TARGET_NAME)";
				SWIFT_EMIT_LOC_STRINGS = YES;
				SWIFT_VERSION = 5.0;
				TARGETED_DEVICE_FAMILY = "1,2";
			};
			name = Release;
		};
		021FE00D2A84244700E55FBD /* Debug */ = {
			isa = XCBuildConfiguration;
			buildSettings = {
				ALWAYS_EMBED_SWIFT_STANDARD_LIBRARIES = YES;
				BUNDLE_LOADER = "$(TEST_HOST)";
				CODE_SIGN_STYLE = Automatic;
				CURRENT_PROJECT_VERSION = 1;
				GENERATE_INFOPLIST_FILE = YES;
				IPHONEOS_DEPLOYMENT_TARGET = 16.4;
				MARKETING_VERSION = 1.0;
				PRODUCT_BUNDLE_IDENTIFIER = com.apaladines.techconsulting.recipes.org.RecipesAppTests;
				PRODUCT_NAME = "$(TARGET_NAME)";
				SWIFT_EMIT_LOC_STRINGS = NO;
				SWIFT_VERSION = 5.0;
				TARGETED_DEVICE_FAMILY = "1,2";
				TEST_HOST = "$(BUILT_PRODUCTS_DIR)/RecipesApp.app/$(BUNDLE_EXECUTABLE_FOLDER_PATH)/RecipesApp";
			};
			name = Debug;
		};
		021FE00E2A84244700E55FBD /* Release */ = {
			isa = XCBuildConfiguration;
			buildSettings = {
				ALWAYS_EMBED_SWIFT_STANDARD_LIBRARIES = YES;
				BUNDLE_LOADER = "$(TEST_HOST)";
				CODE_SIGN_STYLE = Automatic;
				CURRENT_PROJECT_VERSION = 1;
				GENERATE_INFOPLIST_FILE = YES;
				IPHONEOS_DEPLOYMENT_TARGET = 16.4;
				MARKETING_VERSION = 1.0;
				PRODUCT_BUNDLE_IDENTIFIER = com.apaladines.techconsulting.recipes.org.RecipesAppTests;
				PRODUCT_NAME = "$(TARGET_NAME)";
				SWIFT_EMIT_LOC_STRINGS = NO;
				SWIFT_VERSION = 5.0;
				TARGETED_DEVICE_FAMILY = "1,2";
				TEST_HOST = "$(BUILT_PRODUCTS_DIR)/RecipesApp.app/$(BUNDLE_EXECUTABLE_FOLDER_PATH)/RecipesApp";
			};
			name = Release;
		};
		021FE0102A84244700E55FBD /* Debug */ = {
			isa = XCBuildConfiguration;
			buildSettings = {
				ALWAYS_EMBED_SWIFT_STANDARD_LIBRARIES = YES;
				CODE_SIGN_STYLE = Automatic;
				CURRENT_PROJECT_VERSION = 1;
				GENERATE_INFOPLIST_FILE = YES;
				MARKETING_VERSION = 1.0;
				PRODUCT_BUNDLE_IDENTIFIER = com.apaladines.techconsulting.recipes.org.RecipesAppUITests;
				PRODUCT_NAME = "$(TARGET_NAME)";
				SWIFT_EMIT_LOC_STRINGS = NO;
				SWIFT_VERSION = 5.0;
				TARGETED_DEVICE_FAMILY = "1,2";
				TEST_TARGET_NAME = RecipesApp;
			};
			name = Debug;
		};
		021FE0112A84244700E55FBD /* Release */ = {
			isa = XCBuildConfiguration;
			buildSettings = {
				ALWAYS_EMBED_SWIFT_STANDARD_LIBRARIES = YES;
				CODE_SIGN_STYLE = Automatic;
				CURRENT_PROJECT_VERSION = 1;
				GENERATE_INFOPLIST_FILE = YES;
				MARKETING_VERSION = 1.0;
				PRODUCT_BUNDLE_IDENTIFIER = com.apaladines.techconsulting.recipes.org.RecipesAppUITests;
				PRODUCT_NAME = "$(TARGET_NAME)";
				SWIFT_EMIT_LOC_STRINGS = NO;
				SWIFT_VERSION = 5.0;
				TARGETED_DEVICE_FAMILY = "1,2";
				TEST_TARGET_NAME = RecipesApp;
			};
			name = Release;
		};
/* End XCBuildConfiguration section */

/* Begin XCConfigurationList section */
		021FDFDB2A84244200E55FBD /* Build configuration list for PBXProject "RecipesApp" */ = {
			isa = XCConfigurationList;
			buildConfigurations = (
				021FE0072A84244700E55FBD /* Debug */,
				021FE0082A84244700E55FBD /* Release */,
			);
			defaultConfigurationIsVisible = 0;
			defaultConfigurationName = Release;
		};
		021FE0092A84244700E55FBD /* Build configuration list for PBXNativeTarget "RecipesApp" */ = {
			isa = XCConfigurationList;
			buildConfigurations = (
				021FE00A2A84244700E55FBD /* Debug */,
				021FE00B2A84244700E55FBD /* Release */,
			);
			defaultConfigurationIsVisible = 0;
			defaultConfigurationName = Release;
		};
		021FE00C2A84244700E55FBD /* Build configuration list for PBXNativeTarget "RecipesAppTests" */ = {
			isa = XCConfigurationList;
			buildConfigurations = (
				021FE00D2A84244700E55FBD /* Debug */,
				021FE00E2A84244700E55FBD /* Release */,
			);
			defaultConfigurationIsVisible = 0;
			defaultConfigurationName = Release;
		};
		021FE00F2A84244700E55FBD /* Build configuration list for PBXNativeTarget "RecipesAppUITests" */ = {
			isa = XCConfigurationList;
			buildConfigurations = (
				021FE0102A84244700E55FBD /* Debug */,
				021FE0112A84244700E55FBD /* Release */,
			);
			defaultConfigurationIsVisible = 0;
			defaultConfigurationName = Release;
		};
/* End XCConfigurationList section */

/* Begin XCRemoteSwiftPackageReference section */
		027BE1A62A8726D800DC5E10 /* XCRemoteSwiftPackageReference "firebase-ios-sdk" */ = {
			isa = XCRemoteSwiftPackageReference;
			repositoryURL = "https://github.com/firebase/firebase-ios-sdk";
			requirement = {
				kind = upToNextMajorVersion;
				minimumVersion = 9.0.0;
			};
		};
		027BE1A92A87277F00DC5E10 /* XCRemoteSwiftPackageReference "GoogleSignIn-iOS" */ = {
			isa = XCRemoteSwiftPackageReference;
			repositoryURL = "https://github.com/google/GoogleSignIn-iOS";
			requirement = {
				kind = upToNextMajorVersion;
				minimumVersion = 6.0.0;
			};
		};
/* End XCRemoteSwiftPackageReference section */

/* Begin XCSwiftPackageProductDependency section */
		027BE1A72A8726D800DC5E10 /* FirebaseAuth */ = {
			isa = XCSwiftPackageProductDependency;
			package = 027BE1A62A8726D800DC5E10 /* XCRemoteSwiftPackageReference "firebase-ios-sdk" */;
			productName = FirebaseAuth;
		};
		027BE1AA2A87277F00DC5E10 /* GoogleSignIn */ = {
			isa = XCSwiftPackageProductDependency;
			package = 027BE1A92A87277F00DC5E10 /* XCRemoteSwiftPackageReference "GoogleSignIn-iOS" */;
			productName = GoogleSignIn;
		};
		027BE1AC2A87277F00DC5E10 /* GoogleSignInSwift */ = {
			isa = XCSwiftPackageProductDependency;
			package = 027BE1A92A87277F00DC5E10 /* XCRemoteSwiftPackageReference "GoogleSignIn-iOS" */;
			productName = GoogleSignInSwift;
		};
/* End XCSwiftPackageProductDependency section */

/* Begin XCVersionGroup section */
		021FDFEE2A84244700E55FBD /* RecipesApp.xcdatamodeld */ = {
			isa = XCVersionGroup;
			children = (
				021FDFEF2A84244700E55FBD /* RecipesApp.xcdatamodel */,
			);
			currentVersion = 021FDFEF2A84244700E55FBD /* RecipesApp.xcdatamodel */;
			path = RecipesApp.xcdatamodeld;
			sourceTree = "<group>";
			versionGroupType = wrapper.xcdatamodel;
		};
/* End XCVersionGroup section */
	};
	rootObject = 021FDFD82A84244200E55FBD /* Project object */;
}
